
Microsoft Visual Studio Solution File, Format Version 12.00
# Visual Studio Version 16
VisualStudioVersion = 16.0.33423.256
MinimumVisualStudioVersion = 10.0.40219.1
Project("{FAE04EC0-301F-11D3-BF4B-00C04F79EFBC}") = "LayoutViewDemo", "LayoutViewDemo\LayoutViewDemo.csproj", "{DCAEC29A-1DA0-4988-9FB2-FD0D41598656}"
EndProject
Global
	GlobalSection(SolutionConfigurationPlatforms) = preSolution
		Debug|Any CPU = Debug|Any CPU
		Release|Any CPU = Release|Any CPU
	EndGlobalSection
	GlobalSection(ProjectConfigurationPlatforms) = postSolution
		{DCAEC29A-1DA0-4988-9FB2-FD0D41598656}.Debug|Any CPU.ActiveCfg = Debug|Any CPU
		{DCAEC29A-1DA0-4988-9FB2-FD0D41598656}.Debug|Any CPU.Build.0 = Debug|Any CPU
		{DCAEC29A-1DA0-4988-9FB2-FD0D41598656}.Release|Any CPU.ActiveCfg = Release|Any CPU
		{DCAEC29A-1DA0-4988-9FB2-FD0D41598656}.Release|Any CPU.Build.0 = Release|Any CPU
	EndGlobalSection
	GlobalSection(SolutionProperties) = preSolution
		HideSolutionNode = FALSE
	EndGlobalSection
	GlobalSection(ExtensibilityGlobals) = postSolution
		SolutionGuid = {A9274BD0-2CB9-4D8A-9A74-FD3B8046D8AC}
	EndGlobalSection
EndGlobal
