
Microsoft Visual Studio Solution File, Format Version 12.00
# Visual Studio Version 16
VisualStudioVersion = 16.0.33423.256
MinimumVisualStudioVersion = 10.0.40219.1
Project("{FAE04EC0-301F-11D3-BF4B-00C04F79EFBC}") = "TempData_Demo", "TempData_Demo\TempData_Demo.csproj", "{1713ABA8-3830-4C82-903A-1C47B59A937B}"
EndProject
Global
	GlobalSection(SolutionConfigurationPlatforms) = preSolution
		Debug|Any CPU = Debug|Any CPU
		Release|Any CPU = Release|Any CPU
	EndGlobalSection
	GlobalSection(ProjectConfigurationPlatforms) = postSolution
		{1713ABA8-3830-4C82-903A-1C47B59A937B}.Debug|Any CPU.ActiveCfg = Debug|Any CPU
		{1713ABA8-3830-4C82-903A-1C47B59A937B}.Debug|Any CPU.Build.0 = Debug|Any CPU
		{1713ABA8-3830-4C82-903A-1C47B59A937B}.Release|Any CPU.ActiveCfg = Release|Any CPU
		{1713ABA8-3830-4C82-903A-1C47B59A937B}.Release|Any CPU.Build.0 = Release|Any CPU
	EndGlobalSection
	GlobalSection(SolutionProperties) = preSolution
		HideSolutionNode = FALSE
	EndGlobalSection
	GlobalSection(ExtensibilityGlobals) = postSolution
		SolutionGuid = {EFF16E1E-547E-4740-AA53-BFF6A787432B}
	EndGlobalSection
EndGlobal
