
Microsoft Visual Studio Solution File, Format Version 12.00
# Visual Studio Version 16
VisualStudioVersion = 16.0.33423.256
MinimumVisualStudioVersion = 10.0.40219.1
Project("{FAE04EC0-301F-11D3-BF4B-00C04F79EFBC}") = "View_Bag_Demo", "View_Bag_Demo\View_Bag_Demo.csproj", "{9C060BBB-7734-4EA9-B2FC-90951C23A5CD}"
EndProject
Global
	GlobalSection(SolutionConfigurationPlatforms) = preSolution
		Debug|Any CPU = Debug|Any CPU
		Release|Any CPU = Release|Any CPU
	EndGlobalSection
	GlobalSection(ProjectConfigurationPlatforms) = postSolution
		{9C060BBB-7734-4EA9-B2FC-90951C23A5CD}.Debug|Any CPU.ActiveCfg = Debug|Any CPU
		{9C060BBB-7734-4EA9-B2FC-90951C23A5CD}.Debug|Any CPU.Build.0 = Debug|Any CPU
		{9C060BBB-7734-4EA9-B2FC-90951C23A5CD}.Release|Any CPU.ActiveCfg = Release|Any CPU
		{9C060BBB-7734-4EA9-B2FC-90951C23A5CD}.Release|Any CPU.Build.0 = Release|Any CPU
	EndGlobalSection
	GlobalSection(SolutionProperties) = preSolution
		HideSolutionNode = FALSE
	EndGlobalSection
	GlobalSection(ExtensibilityGlobals) = postSolution
		SolutionGuid = {836FA992-B27A-48F9-B2FE-DCC226E9254E}
	EndGlobalSection
EndGlobal
