
Microsoft Visual Studio Solution File, Format Version 12.00
# Visual Studio Version 16
VisualStudioVersion = 16.0.33423.256
MinimumVisualStudioVersion = 10.0.40219.1
Project("{FAE04EC0-301F-11D3-BF4B-00C04F79EFBC}") = "Data_Annotations", "Data_Annotations\Data_Annotations.csproj", "{617AAFAC-DCC6-44EE-848A-75498CF93A7E}"
EndProject
Global
	GlobalSection(SolutionConfigurationPlatforms) = preSolution
		Debug|Any CPU = Debug|Any CPU
		Release|Any CPU = Release|Any CPU
	EndGlobalSection
	GlobalSection(ProjectConfigurationPlatforms) = postSolution
		{617AAFAC-DCC6-44EE-848A-75498CF93A7E}.Debug|Any CPU.ActiveCfg = Debug|Any CPU
		{617AAFAC-DCC6-44EE-848A-75498CF93A7E}.Debug|Any CPU.Build.0 = Debug|Any CPU
		{617AAFAC-DCC6-44EE-848A-75498CF93A7E}.Release|Any CPU.ActiveCfg = Release|Any CPU
		{617AAFAC-DCC6-44EE-848A-75498CF93A7E}.Release|Any CPU.Build.0 = Release|Any CPU
	EndGlobalSection
	GlobalSection(SolutionProperties) = preSolution
		HideSolutionNode = FALSE
	EndGlobalSection
	GlobalSection(ExtensibilityGlobals) = postSolution
		SolutionGuid = {3A873DE4-04F8-4E55-B4A4-7854BF6D3D36}
	EndGlobalSection
EndGlobal
